{
  "name": "branding",
  "version": "0.0.0",
  "lockfileVersion": 3,
  "requires": true,
  "packages": {
    "": {
      "name": "branding",
      "version": "0.0.0",
      "license": "UNLICENSED",
      "workspaces": [
        "aardling",
        "dddeu",
        "dml",
        "ncrafts",
        "dddacademy"
      ]
    },
    "aardling": {
      "name": "@aardling/aardling",
      "version": "0.0.0",
      "license": "UNLICENSED"
    },
    "dddacademy": {
      "name": "@aardling/dddacademy",
      "version": "0.0.0",
      "license": "UNLICENSED"
    },
    "dddeu": {
      "name": "@aardling/dddeu",
      "version": "0.0.0",
      "license": "UNLICENSED"
    },
    "dml": {
      "name": "@aardling/dml",
      "version": "0.0.0",
      "license": "UNLICENSED"
    },
    "ncrafts": {
      "name": "@aardling/ncrafts",
      "version": "0.0.0",
      "license": "UNLICENSED"
    },
    "node_modules/@aardling/aardling": {
      "resolved": "aardling",
      "link": true
    },
    "node_modules/@aardling/dddacademy": {
      "resolved": "dddacademy",
      "link": true
    },
    "node_modules/@aardling/dddeu": {
      "resolved": "dddeu",
      "link": true
    },
    "node_modules/@aardling/dml": {
      "resolved": "dml",
      "link": true
    },
    "node_modules/@aardling/ncrafts": {
      "resolved": "ncrafts",
      "link": true
    }
  }
}
