{
  "name": "branding",
  "version": "0.0.0",
  "lockfileVersion": 3,
  "requires": true,
  "packages": {
    "": {
      "name": "branding",
      "version": "0.0.0",
      "license": "UNLICENSED",
      "workspaces": [
        "aardling",
        "dddeu",
        "dml",
        "ncrafts",
        "dddacademy"
      ]
    },
    "aardling": {
      "name": "@aardling/brand-aardling",
      "version": "0.5.0",
      "license": "UNLICENSED"
    },
    "dddacademy": {
      "name": "@aardling/brand-dddacademy",
      "version": "0.0.0",
      "license": "UNLICENSED"
    },
    "dddeu": {
      "name": "@aardling/brand-dddeu",
      "version": "0.0.0",
      "license": "UNLICENSED"
    },
    "dml": {
      "name": "@aardling/brand-dml",
      "version": "0.0.0",
      "license": "UNLICENSED"
    },
    "ncrafts": {
      "name": "@aardling/brand-ncrafts",
      "version": "0.0.0",
      "license": "UNLICENSED"
    },
    "node_modules/@aardling/brand-aardling": {
      "resolved": "aardling",
      "link": true
    },
    "node_modules/@aardling/brand-dddacademy": {
      "resolved": "dddacademy",
      "link": true
    },
    "node_modules/@aardling/brand-dddeu": {
      "resolved": "dddeu",
      "link": true
    },
    "node_modules/@aardling/brand-dml": {
      "resolved": "dml",
      "link": true
    },
    "node_modules/@aardling/brand-ncrafts": {
      "resolved": "ncrafts",
      "link": true
    }
  }
}
